
Microsoft Visual Studio Solution File, Format Version 12.00
# Visual Studio Version 17
VisualStudioVersion = 17.7.34202.233
MinimumVisualStudioVersion = 10.0.40219.1
Project("{FAE04EC0-301F-11D3-BF4B-00C04F79EFBC}") = "CS_Alphabet_App", "CS_Alphabet_App\CS_Alphabet_App.csproj", "{F1561487-EB1A-464B-AB48-A49928EBBBCA}"
EndProject
Global
	GlobalSection(SolutionConfigurationPlatforms) = preSolution
		Debug|Any CPU = Debug|Any CPU
		Release|Any CPU = Release|Any CPU
	EndGlobalSection
	GlobalSection(ProjectConfigurationPlatforms) = postSolution
		{F1561487-EB1A-464B-AB48-A49928EBBBCA}.Debug|Any CPU.ActiveCfg = Debug|Any CPU
		{F1561487-EB1A-464B-AB48-A49928EBBBCA}.Debug|Any CPU.Build.0 = Debug|Any CPU
		{F1561487-EB1A-464B-AB48-A49928EBBBCA}.Release|Any CPU.ActiveCfg = Release|Any CPU
		{F1561487-EB1A-464B-AB48-A49928EBBBCA}.Release|Any CPU.Build.0 = Release|Any CPU
	EndGlobalSection
	GlobalSection(SolutionProperties) = preSolution
		HideSolutionNode = FALSE
	EndGlobalSection
	GlobalSection(ExtensibilityGlobals) = postSolution
		SolutionGuid = {D49B6981-C963-41A5-A582-DCE8ED111402}
	EndGlobalSection
EndGlobal
